
Microsoft Visual Studio Solution File, Format Version 12.00
# Visual Studio Version 16
VisualStudioVersion = 16.0.810.8
MinimumVisualStudioVersion = 10.0.40219.1
Project("{FAE04EC0-301F-11D3-BF4B-00C04F79EFBC}") = "HomeCare.Android", "HomeCare.Android\HomeCare.Android.csproj", "{EF92EDEC-DC9D-4CEF-84D5-93A2472B4BF0}"
EndProject
Project("{FAE04EC0-301F-11D3-BF4B-00C04F79EFBC}") = "HomeCare.iOS", "HomeCare.iOS\HomeCare.iOS.csproj", "{EC9697E2-786D-46F5-B32A-09AB968144FD}"
EndProject
Project("{FAE04EC0-301F-11D3-BF4B-00C04F79EFBC}") = "HomeCare", "HomeCare\HomeCare.csproj", "{1FB24DEA-7A99-4120-B9E4-7F98FCE20610}"
EndProject
Global
	GlobalSection(SolutionConfigurationPlatforms) = preSolution
		Debug|Any CPU = Debug|Any CPU
		Release|Any CPU = Release|Any CPU
		Debug|iPhoneSimulator = Debug|iPhoneSimulator
		Release|iPhoneSimulator = Release|iPhoneSimulator
		Debug|iPhone = Debug|iPhone
		Release|iPhone = Release|iPhone
	EndGlobalSection
	GlobalSection(ProjectConfigurationPlatforms) = postSolution
		{EF92EDEC-DC9D-4CEF-84D5-93A2472B4BF0}.Debug|Any CPU.ActiveCfg = Debug|Any CPU
		{EF92EDEC-DC9D-4CEF-84D5-93A2472B4BF0}.Debug|Any CPU.Build.0 = Debug|Any CPU
		{EF92EDEC-DC9D-4CEF-84D5-93A2472B4BF0}.Release|Any CPU.ActiveCfg = Release|Any CPU
		{EF92EDEC-DC9D-4CEF-84D5-93A2472B4BF0}.Release|Any CPU.Build.0 = Release|Any CPU
		{EF92EDEC-DC9D-4CEF-84D5-93A2472B4BF0}.Debug|iPhoneSimulator.ActiveCfg = Debug|Any CPU
		{EF92EDEC-DC9D-4CEF-84D5-93A2472B4BF0}.Debug|iPhoneSimulator.Build.0 = Debug|Any CPU
		{EF92EDEC-DC9D-4CEF-84D5-93A2472B4BF0}.Release|iPhoneSimulator.ActiveCfg = Release|Any CPU
		{EF92EDEC-DC9D-4CEF-84D5-93A2472B4BF0}.Release|iPhoneSimulator.Build.0 = Release|Any CPU
		{EF92EDEC-DC9D-4CEF-84D5-93A2472B4BF0}.Debug|iPhone.ActiveCfg = Debug|Any CPU
		{EF92EDEC-DC9D-4CEF-84D5-93A2472B4BF0}.Debug|iPhone.Build.0 = Debug|Any CPU
		{EF92EDEC-DC9D-4CEF-84D5-93A2472B4BF0}.Release|iPhone.ActiveCfg = Release|Any CPU
		{EF92EDEC-DC9D-4CEF-84D5-93A2472B4BF0}.Release|iPhone.Build.0 = Release|Any CPU
		{EC9697E2-786D-46F5-B32A-09AB968144FD}.Debug|Any CPU.ActiveCfg = Debug|iPhoneSimulator
		{EC9697E2-786D-46F5-B32A-09AB968144FD}.Debug|Any CPU.Build.0 = Debug|iPhoneSimulator
		{EC9697E2-786D-46F5-B32A-09AB968144FD}.Release|Any CPU.ActiveCfg = Release|iPhoneSimulator
		{EC9697E2-786D-46F5-B32A-09AB968144FD}.Release|Any CPU.Build.0 = Release|iPhoneSimulator
		{EC9697E2-786D-46F5-B32A-09AB968144FD}.Debug|iPhoneSimulator.ActiveCfg = Debug|iPhoneSimulator
		{EC9697E2-786D-46F5-B32A-09AB968144FD}.Debug|iPhoneSimulator.Build.0 = Debug|iPhoneSimulator
		{EC9697E2-786D-46F5-B32A-09AB968144FD}.Release|iPhoneSimulator.ActiveCfg = Release|iPhoneSimulator
		{EC9697E2-786D-46F5-B32A-09AB968144FD}.Release|iPhoneSimulator.Build.0 = Release|iPhoneSimulator
		{EC9697E2-786D-46F5-B32A-09AB968144FD}.Debug|iPhone.ActiveCfg = Debug|iPhone
		{EC9697E2-786D-46F5-B32A-09AB968144FD}.Debug|iPhone.Build.0 = Debug|iPhone
		{EC9697E2-786D-46F5-B32A-09AB968144FD}.Release|iPhone.ActiveCfg = Release|iPhone
		{EC9697E2-786D-46F5-B32A-09AB968144FD}.Release|iPhone.Build.0 = Release|iPhone
		{1FB24DEA-7A99-4120-B9E4-7F98FCE20610}.Debug|Any CPU.ActiveCfg = Debug|Any CPU
		{1FB24DEA-7A99-4120-B9E4-7F98FCE20610}.Debug|Any CPU.Build.0 = Debug|Any CPU
		{1FB24DEA-7A99-4120-B9E4-7F98FCE20610}.Release|Any CPU.ActiveCfg = Release|Any CPU
		{1FB24DEA-7A99-4120-B9E4-7F98FCE20610}.Release|Any CPU.Build.0 = Release|Any CPU
		{1FB24DEA-7A99-4120-B9E4-7F98FCE20610}.Debug|iPhoneSimulator.ActiveCfg = Debug|Any CPU
		{1FB24DEA-7A99-4120-B9E4-7F98FCE20610}.Debug|iPhoneSimulator.Build.0 = Debug|Any CPU
		{1FB24DEA-7A99-4120-B9E4-7F98FCE20610}.Release|iPhoneSimulator.ActiveCfg = Release|Any CPU
		{1FB24DEA-7A99-4120-B9E4-7F98FCE20610}.Release|iPhoneSimulator.Build.0 = Release|Any CPU
		{1FB24DEA-7A99-4120-B9E4-7F98FCE20610}.Debug|iPhone.ActiveCfg = Debug|Any CPU
		{1FB24DEA-7A99-4120-B9E4-7F98FCE20610}.Debug|iPhone.Build.0 = Debug|Any CPU
		{1FB24DEA-7A99-4120-B9E4-7F98FCE20610}.Release|iPhone.ActiveCfg = Release|Any CPU
		{1FB24DEA-7A99-4120-B9E4-7F98FCE20610}.Release|iPhone.Build.0 = Release|Any CPU
	EndGlobalSection
	GlobalSection(SolutionProperties) = preSolution
		HideSolutionNode = FALSE
	EndGlobalSection
	GlobalSection(ExtensibilityGlobals) = postSolution
		SolutionGuid = {183CDA5E-4745-4B60-B723-69DD19D86826}
	EndGlobalSection
EndGlobal
